// !$*UTF8*$!
{
	archiveVersion = 1;
	classes = {
	};
	objectVersion = 46;
	objects = {

/* Begin PBXBuildFile section */
		67328FC71D90B92B002D50AD /* WindowController.swift in Sources */ = {isa = PBXBuildFile; fileRef = 67328FC61D90B92B002D50AD /* WindowController.swift */; };
		67328FCA1D90BC48002D50AD /* InspectorWindowController.swift in Sources */ = {isa = PBXBuildFile; fileRef = 67328FC81D90BC48002D50AD /* InspectorWindowController.swift */; };
		675915B31D85F874007BA6C7 /* AppDelegate.swift in Sources */ = {isa = PBXBuildFile; fileRef = 675915B21D85F874007BA6C7 /* AppDelegate.swift */; };
		675915B51D85F874007BA6C7 /* ViewController.swift in Sources */ = {isa = PBXBuildFile; fileRef = 675915B41D85F874007BA6C7 /* ViewController.swift */; };
		675915B71D85F874007BA6C7 /* Document.swift in Sources */ = {isa = PBXBuildFile; fileRef = 675915B61D85F874007BA6C7 /* Document.swift */; };
		675915B91D85F874007BA6C7 /* Assets.xcassets in Resources */ = {isa = PBXBuildFile; fileRef = 675915B81D85F874007BA6C7 /* Assets.xcassets */; };
		675915BC1D85F874007BA6C7 /* Main.storyboard in Resources */ = {isa = PBXBuildFile; fileRef = 675915BA1D85F874007BA6C7 /* Main.storyboard */; };
/* End PBXBuildFile section */

/* Begin PBXFileReference section */
		67328FC61D90B92B002D50AD /* WindowController.swift */ = {isa = PBXFileReference; fileEncoding = 4; lastKnownFileType = sourcecode.swift; path = WindowController.swift; sourceTree = "<group>"; };
		67328FC81D90BC48002D50AD /* InspectorWindowController.swift */ = {isa = PBXFileReference; fileEncoding = 4; lastKnownFileType = sourcecode.swift; path = InspectorWindowController.swift; sourceTree = "<group>"; };
		675915AF1D85F874007BA6C7 /* nspanel_show.app */ = {isa = PBXFileReference; explicitFileType = wrapper.application; includeInIndex = 0; path = nspanel_show.app; sourceTree = BUILT_PRODUCTS_DIR; };
		675915B21D85F874007BA6C7 /* AppDelegate.swift */ = {isa = PBXFileReference; lastKnownFileType = sourcecode.swift; path = AppDelegate.swift; sourceTree = "<group>"; };
		675915B41D85F874007BA6C7 /* ViewController.swift */ = {isa = PBXFileReference; lastKnownFileType = sourcecode.swift; path = ViewController.swift; sourceTree = "<group>"; };
		675915B61D85F874007BA6C7 /* Document.swift */ = {isa = PBXFileReference; lastKnownFileType = sourcecode.swift; path = Document.swift; sourceTree = "<group>"; };
		675915B81D85F874007BA6C7 /* Assets.xcassets */ = {isa = PBXFileReference; lastKnownFileType = folder.assetcatalog; path = Assets.xcassets; sourceTree = "<group>"; };
		675915BB1D85F874007BA6C7 /* Base */ = {isa = PBXFileReference; lastKnownFileType = file.storyboard; name = Base; path = Base.lproj/Main.storyboard; sourceTree = "<group>"; };
		675915BD1D85F874007BA6C7 /* Info.plist */ = {isa = PBXFileReference; lastKnownFileType = text.plist.xml; path = Info.plist; sourceTree = "<group>"; };
/* End PBXFileReference section */

/* Begin PBXFrameworksBuildPhase section */
		675915AC1D85F874007BA6C7 /* Frameworks */ = {
			isa = PBXFrameworksBuildPhase;
			buildActionMask = 2147483647;
			files = (
			);
			runOnlyForDeploymentPostprocessing = 0;
		};
/* End PBXFrameworksBuildPhase section */

/* Begin PBXGroup section */
		675915A61D85F874007BA6C7 = {
			isa = PBXGroup;
			children = (
				675915B11D85F874007BA6C7 /* nspanel_show */,
				675915B01D85F874007BA6C7 /* Products */,
			);
			sourceTree = "<group>";
		};
		675915B01D85F874007BA6C7 /* Products */ = {
			isa = PBXGroup;
			children = (
				675915AF1D85F874007BA6C7 /* nspanel_show.app */,
			);
			name = Products;
			sourceTree = "<group>";
		};
		675915B11D85F874007BA6C7 /* nspanel_show */ = {
			isa = PBXGroup;
			children = (
				675915B21D85F874007BA6C7 /* AppDelegate.swift */,
				675915B61D85F874007BA6C7 /* Document.swift */,
				67328FC61D90B92B002D50AD /* WindowController.swift */,
				67328FC81D90BC48002D50AD /* InspectorWindowController.swift */,
				675915B41D85F874007BA6C7 /* ViewController.swift */,
				675915B81D85F874007BA6C7 /* Assets.xcassets */,
				675915BA1D85F874007BA6C7 /* Main.storyboard */,
				675915BD1D85F874007BA6C7 /* Info.plist */,
			);
			path = nspanel_show;
			sourceTree = "<group>";
		};
/* End PBXGroup section */

/* Begin PBXNativeTarget section */
		675915AE1D85F874007BA6C7 /* nspanel_show */ = {
			isa = PBXNativeTarget;
			buildConfigurationList = 675915C01D85F874007BA6C7 /* Build configuration list for PBXNativeTarget "nspanel_show" */;
			buildPhases = (
				675915AB1D85F874007BA6C7 /* Sources */,
				675915AC1D85F874007BA6C7 /* Frameworks */,
				675915AD1D85F874007BA6C7 /* Resources */,
			);
			buildRules = (
			);
			dependencies = (
			);
			name = nspanel_show;
			productName = nspanel_show;
			productReference = 675915AF1D85F874007BA6C7 /* nspanel_show.app */;
			productType = "com.apple.product-type.application";
		};
/* End PBXNativeTarget section */

/* Begin PBXProject section */
		675915A71D85F874007BA6C7 /* Project object */ = {
			isa = PBXProject;
			attributes = {
				LastSwiftUpdateCheck = 0730;
				LastUpgradeCheck = 0730;
				ORGANIZATIONNAME = ericg;
				TargetAttributes = {
					675915AE1D85F874007BA6C7 = {
						CreatedOnToolsVersion = 7.3.1;
						LastSwiftMigration = 0800;
					};
				};
			};
			buildConfigurationList = 675915AA1D85F874007BA6C7 /* Build configuration list for PBXProject "nspanel_show" */;
			compatibilityVersion = "Xcode 3.2";
			developmentRegion = English;
			hasScannedForEncodings = 0;
			knownRegions = (
				en,
				Base,
			);
			mainGroup = 675915A61D85F874007BA6C7;
			productRefGroup = 675915B01D85F874007BA6C7 /* Products */;
			projectDirPath = "";
			projectRoot = "";
			targets = (
				675915AE1D85F874007BA6C7 /* nspanel_show */,
			);
		};
/* End PBXProject section */

/* Begin PBXResourcesBuildPhase section */
		675915AD1D85F874007BA6C7 /* Resources */ = {
			isa = PBXResourcesBuildPhase;
			buildActionMask = 2147483647;
			files = (
				675915B91D85F874007BA6C7 /* Assets.xcassets in Resources */,
				675915BC1D85F874007BA6C7 /* Main.storyboard in Resources */,
			);
			runOnlyForDeploymentPostprocessing = 0;
		};
/* End PBXResourcesBuildPhase section */

/* Begin PBXSourcesBuildPhase section */
		675915AB1D85F874007BA6C7 /* Sources */ = {
			isa = PBXSourcesBuildPhase;
			buildActionMask = 2147483647;
			files = (
				675915B51D85F874007BA6C7 /* ViewController.swift in Sources */,
				67328FC71D90B92B002D50AD /* WindowController.swift in Sources */,
				67328FCA1D90BC48002D50AD /* InspectorWindowController.swift in Sources */,
				675915B31D85F874007BA6C7 /* AppDelegate.swift in Sources */,
				675915B71D85F874007BA6C7 /* Document.swift in Sources */,
			);
			runOnlyForDeploymentPostprocessing = 0;
		};
/* End PBXSourcesBuildPhase section */

/* Begin PBXVariantGroup section */
		675915BA1D85F874007BA6C7 /* Main.storyboard */ = {
			isa = PBXVariantGroup;
			children = (
				675915BB1D85F874007BA6C7 /* Base */,
			);
			name = Main.storyboard;
			sourceTree = "<group>";
		};
/* End PBXVariantGroup section */

/* Begin XCBuildConfiguration section */
		675915BE1D85F874007BA6C7 /* Debug */ = {
			isa = XCBuildConfiguration;
			buildSettings = {
				ALWAYS_SEARCH_USER_PATHS = NO;
				CLANG_ANALYZER_NONNULL = YES;
				CLANG_CXX_LANGUAGE_STANDARD = "gnu++0x";
				CLANG_CXX_LIBRARY = "libc++";
				CLANG_ENABLE_MODULES = YES;
				CLANG_ENABLE_OBJC_ARC = YES;
				CLANG_WARN_BOOL_CONVERSION = YES;
				CLANG_WARN_CONSTANT_CONVERSION = YES;
				CLANG_WARN_DIRECT_OBJC_ISA_USAGE = YES_ERROR;
				CLANG_WARN_EMPTY_BODY = YES;
				CLANG_WARN_ENUM_CONVERSION = YES;
				CLANG_WARN_INT_CONVERSION = YES;
				CLANG_WARN_OBJC_ROOT_CLASS = YES_ERROR;
				CLANG_WARN_UNREACHABLE_CODE = YES;
				CLANG_WARN__DUPLICATE_METHOD_MATCH = YES;
				CODE_SIGN_IDENTITY = "-";
				COPY_PHASE_STRIP = NO;
				DEBUG_INFORMATION_FORMAT = dwarf;
				ENABLE_STRICT_OBJC_MSGSEND = YES;
				ENABLE_TESTABILITY = YES;
				GCC_C_LANGUAGE_STANDARD = gnu99;
				GCC_DYNAMIC_NO_PIC = NO;
				GCC_NO_COMMON_BLOCKS = YES;
				GCC_OPTIMIZATION_LEVEL = 0;
				GCC_PREPROCESSOR_DEFINITIONS = (
					"DEBUG=1",
					"$(inherited)",
				);
				GCC_WARN_64_TO_32_BIT_CONVERSION = YES;
				GCC_WARN_ABOUT_RETURN_TYPE = YES_ERROR;
				GCC_WARN_UNDECLARED_SELECTOR = YES;
				GCC_WARN_UNINITIALIZED_AUTOS = YES_AGGRESSIVE;
				GCC_WARN_UNUSED_FUNCTION = YES;
				GCC_WARN_UNUSED_VARIABLE = YES;
				MACOSX_DEPLOYMENT_TARGET = 10.11;
				MTL_ENABLE_DEBUG_INFO = YES;
				ONLY_ACTIVE_ARCH = YES;
				SDKROOT = macosx;
				SWIFT_OPTIMIZATION_LEVEL = "-Onone";
			};
			name = Debug;
		};
		675915BF1D85F874007BA6C7 /* Release */ = {
			isa = XCBuildConfiguration;
			buildSettings = {
				ALWAYS_SEARCH_USER_PATHS = NO;
				CLANG_ANALYZER_NONNULL = YES;
				CLANG_CXX_LANGUAGE_STANDARD = "gnu++0x";
				CLANG_CXX_LIBRARY = "libc++";
				CLANG_ENABLE_MODULES = YES;
				CLANG_ENABLE_OBJC_ARC = YES;
				CLANG_WARN_BOOL_CONVERSION = YES;
				CLANG_WARN_CONSTANT_CONVERSION = YES;
				CLANG_WARN_DIRECT_OBJC_ISA_USAGE = YES_ERROR;
				CLANG_WARN_EMPTY_BODY = YES;
				CLANG_WARN_ENUM_CONVERSION = YES;
				CLANG_WARN_INT_CONVERSION = YES;
				CLANG_WARN_OBJC_ROOT_CLASS = YES_ERROR;
				CLANG_WARN_UNREACHABLE_CODE = YES;
				CLANG_WARN__DUPLICATE_METHOD_MATCH = YES;
				CODE_SIGN_IDENTITY = "-";
				COPY_PHASE_STRIP = NO;
				DEBUG_INFORMATION_FORMAT = "dwarf-with-dsym";
				ENABLE_NS_ASSERTIONS = NO;
				ENABLE_STRICT_OBJC_MSGSEND = YES;
				GCC_C_LANGUAGE_STANDARD = gnu99;
				GCC_NO_COMMON_BLOCKS = YES;
				GCC_WARN_64_TO_32_BIT_CONVERSION = YES;
				GCC_WARN_ABOUT_RETURN_TYPE = YES_ERROR;
				GCC_WARN_UNDECLARED_SELECTOR = YES;
				GCC_WARN_UNINITIALIZED_AUTOS = YES_AGGRESSIVE;
				GCC_WARN_UNUSED_FUNCTION = YES;
				GCC_WARN_UNUSED_VARIABLE = YES;
				MACOSX_DEPLOYMENT_TARGET = 10.11;
				MTL_ENABLE_DEBUG_INFO = NO;
				SDKROOT = macosx;
			};
			name = Release;
		};
		675915C11D85F874007BA6C7 /* Debug */ = {
			isa = XCBuildConfiguration;
			buildSettings = {
				ASSETCATALOG_COMPILER_APPICON_NAME = AppIcon;
				COMBINE_HIDPI_IMAGES = YES;
				INFOPLIST_FILE = nspanel_show/Info.plist;
				LD_RUNPATH_SEARCH_PATHS = "$(inherited) @executable_path/../Frameworks";
				PRODUCT_BUNDLE_IDENTIFIER = "net.ericgorr.nspanel-show";
				PRODUCT_NAME = "$(TARGET_NAME)";
				SWIFT_VERSION = 3.0;
			};
			name = Debug;
		};
		675915C21D85F874007BA6C7 /* Release */ = {
			isa = XCBuildConfiguration;
			buildSettings = {
				ASSETCATALOG_COMPILER_APPICON_NAME = AppIcon;
				COMBINE_HIDPI_IMAGES = YES;
				INFOPLIST_FILE = nspanel_show/Info.plist;
				LD_RUNPATH_SEARCH_PATHS = "$(inherited) @executable_path/../Frameworks";
				PRODUCT_BUNDLE_IDENTIFIER = "net.ericgorr.nspanel-show";
				PRODUCT_NAME = "$(TARGET_NAME)";
				SWIFT_VERSION = 3.0;
			};
			name = Release;
		};
/* End XCBuildConfiguration section */

/* Begin XCConfigurationList section */
		675915AA1D85F874007BA6C7 /* Build configuration list for PBXProject "nspanel_show" */ = {
			isa = XCConfigurationList;
			buildConfigurations = (
				675915BE1D85F874007BA6C7 /* Debug */,
				675915BF1D85F874007BA6C7 /* Release */,
			);
			defaultConfigurationIsVisible = 0;
			defaultConfigurationName = Release;
		};
		675915C01D85F874007BA6C7 /* Build configuration list for PBXNativeTarget "nspanel_show" */ = {
			isa = XCConfigurationList;
			buildConfigurations = (
				675915C11D85F874007BA6C7 /* Debug */,
				675915C21D85F874007BA6C7 /* Release */,
			);
			defaultConfigurationIsVisible = 0;
			defaultConfigurationName = Release;
		};
/* End XCConfigurationList section */
	};
	rootObject = 675915A71D85F874007BA6C7 /* Project object */;
}
